// !$*UTF8*$!
{
	archiveVersion = 1;
	classes = {
	};
	objectVersion = 48;
	objects = {

/* Begin PBXBuildFile section */
		1D15345820AF25B200A3EB2D /* TableViewControllerGames.swift in Sources */ = {isa = PBXBuildFile; fileRef = 1D15345720AF25B200A3EB2D /* TableViewControllerGames.swift */; };
		1D15345A20AF25CC00A3EB2D /* TableViewControllerMovies.swift in Sources */ = {isa = PBXBuildFile; fileRef = 1D15345920AF25CC00A3EB2D /* TableViewControllerMovies.swift */; };
		1D15345C20AFAF8500A3EB2D /* TableViewControllerBillionaires.swift in Sources */ = {isa = PBXBuildFile; fileRef = 1D15345B20AFAF8500A3EB2D /* TableViewControllerBillionaires.swift */; };
		1D56EE8020AE37FB00DE8125 /* PageViewController.swift in Sources */ = {isa = PBXBuildFile; fileRef = 1D56EE7F20AE37FB00DE8125 /* PageViewController.swift */; };
		1D66FF1120A29E8E008C4A06 /* SwiftSoup.framework in Frameworks */ = {isa = PBXBuildFile; fileRef = 1D66FF1220A29E8E008C4A06 /* SwiftSoup.framework */; };
		1D66FF1420A2BE49008C4A06 /* TableViewController.swift in Sources */ = {isa = PBXBuildFile; fileRef = 1D66FF1320A2BE49008C4A06 /* TableViewController.swift */; };
		1D66FF1520A39244008C4A06 /* NVActivityIndicatorView.framework in Frameworks */ = {isa = PBXBuildFile; fileRef = 1D66FF1620A39244008C4A06 /* NVActivityIndicatorView.framework */; };
		1D66FF1720A39EC5008C4A06 /* TableFlip.framework in Frameworks */ = {isa = PBXBuildFile; fileRef = 1D66FF1820A39EC5008C4A06 /* TableFlip.framework */; };
		1D9DDCC620A298CB001F23FE /* AppDelegate.swift in Sources */ = {isa = PBXBuildFile; fileRef = 1D9DDCC520A298CB001F23FE /* AppDelegate.swift */; };
		1D9DDCCB20A298CB001F23FE /* Main.storyboard in Resources */ = {isa = PBXBuildFile; fileRef = 1D9DDCC920A298CB001F23FE /* Main.storyboard */; };
		1D9DDCCD20A298CB001F23FE /* Assets.xcassets in Resources */ = {isa = PBXBuildFile; fileRef = 1D9DDCCC20A298CB001F23FE /* Assets.xcassets */; };
		1D9DDCD020A298CB001F23FE /* LaunchScreen.storyboard in Resources */ = {isa = PBXBuildFile; fileRef = 1D9DDCCE20A298CB001F23FE /* LaunchScreen.storyboard */; };
		951B4AC64DB53EBC3FDF94B5 /* Pods_Top100s.framework in Frameworks */ = {isa = PBXBuildFile; fileRef = 5225DB08D677EAC5E356383D /* Pods_Top100s.framework */; };
/* End PBXBuildFile section */

/* Begin PBXFileReference section */
		1D15345720AF25B200A3EB2D /* TableViewControllerGames.swift */ = {isa = PBXFileReference; lastKnownFileType = sourcecode.swift; path = TableViewControllerGames.swift; sourceTree = "<group>"; };
		1D15345920AF25CC00A3EB2D /* TableViewControllerMovies.swift */ = {isa = PBXFileReference; lastKnownFileType = sourcecode.swift; path = TableViewControllerMovies.swift; sourceTree = "<group>"; };
		1D15345B20AFAF8500A3EB2D /* TableViewControllerBillionaires.swift */ = {isa = PBXFileReference; lastKnownFileType = sourcecode.swift; path = TableViewControllerBillionaires.swift; sourceTree = "<group>"; };
		1D56EE7F20AE37FB00DE8125 /* PageViewController.swift */ = {isa = PBXFileReference; lastKnownFileType = sourcecode.swift; path = PageViewController.swift; sourceTree = "<group>"; };
		1D66FF1220A29E8E008C4A06 /* SwiftSoup.framework */ = {isa = PBXFileReference; explicitFileType = wrapper.framework; path = SwiftSoup.framework; sourceTree = BUILT_PRODUCTS_DIR; };
		1D66FF1320A2BE49008C4A06 /* TableViewController.swift */ = {isa = PBXFileReference; lastKnownFileType = sourcecode.swift; path = TableViewController.swift; sourceTree = "<group>"; };
		1D66FF1620A39244008C4A06 /* NVActivityIndicatorView.framework */ = {isa = PBXFileReference; explicitFileType = wrapper.framework; path = NVActivityIndicatorView.framework; sourceTree = BUILT_PRODUCTS_DIR; };
		1D66FF1820A39EC5008C4A06 /* TableFlip.framework */ = {isa = PBXFileReference; explicitFileType = wrapper.framework; path = TableFlip.framework; sourceTree = BUILT_PRODUCTS_DIR; };
		1D9DDCC220A298CB001F23FE /* Top100s.app */ = {isa = PBXFileReference; explicitFileType = wrapper.application; includeInIndex = 0; path = Top100s.app; sourceTree = BUILT_PRODUCTS_DIR; };
		1D9DDCC520A298CB001F23FE /* AppDelegate.swift */ = {isa = PBXFileReference; lastKnownFileType = sourcecode.swift; path = AppDelegate.swift; sourceTree = "<group>"; };
		1D9DDCCA20A298CB001F23FE /* Base */ = {isa = PBXFileReference; lastKnownFileType = file.storyboard; name = Base; path = Base.lproj/Main.storyboard; sourceTree = "<group>"; };
		1D9DDCCC20A298CB001F23FE /* Assets.xcassets */ = {isa = PBXFileReference; lastKnownFileType = folder.assetcatalog; path = Assets.xcassets; sourceTree = "<group>"; };
		1D9DDCCF20A298CB001F23FE /* Base */ = {isa = PBXFileReference; lastKnownFileType = file.storyboard; name = Base; path = Base.lproj/LaunchScreen.storyboard; sourceTree = "<group>"; };
		1D9DDCD120A298CB001F23FE /* Info.plist */ = {isa = PBXFileReference; lastKnownFileType = text.plist.xml; path = Info.plist; sourceTree = "<group>"; };
		5225DB08D677EAC5E356383D /* Pods_Top100s.framework */ = {isa = PBXFileReference; explicitFileType = wrapper.framework; includeInIndex = 0; path = Pods_Top100s.framework; sourceTree = BUILT_PRODUCTS_DIR; };
		56DF145CA91F56930ECAAE40 /* Pods-Top100s.debug.xcconfig */ = {isa = PBXFileReference; includeInIndex = 1; lastKnownFileType = text.xcconfig; name = "Pods-Top100s.debug.xcconfig"; path = "Pods/Target Support Files/Pods-Top100s/Pods-Top100s.debug.xcconfig"; sourceTree = "<group>"; };
		6DC6A0FEC9E7E968B5848591 /* Pods-Top100s.release.xcconfig */ = {isa = PBXFileReference; includeInIndex = 1; lastKnownFileType = text.xcconfig; name = "Pods-Top100s.release.xcconfig"; path = "Pods/Target Support Files/Pods-Top100s/Pods-Top100s.release.xcconfig"; sourceTree = "<group>"; };
/* End PBXFileReference section */

/* Begin PBXFrameworksBuildPhase section */
		1D9DDCBF20A298CB001F23FE /* Frameworks */ = {
			isa = PBXFrameworksBuildPhase;
			buildActionMask = 2147483647;
			files = (
				1D66FF1720A39EC5008C4A06 /* TableFlip.framework in Frameworks */,
				1D66FF1520A39244008C4A06 /* NVActivityIndicatorView.framework in Frameworks */,
				1D66FF1120A29E8E008C4A06 /* SwiftSoup.framework in Frameworks */,
				951B4AC64DB53EBC3FDF94B5 /* Pods_Top100s.framework in Frameworks */,
			);
			runOnlyForDeploymentPostprocessing = 0;
		};
/* End PBXFrameworksBuildPhase section */

/* Begin PBXGroup section */
		1D66FDAC20A29C82008C4A06 /* Frameworks */ = {
			isa = PBXGroup;
			children = (
				1D66FF1820A39EC5008C4A06 /* TableFlip.framework */,
				1D66FF1620A39244008C4A06 /* NVActivityIndicatorView.framework */,
				1D66FF1220A29E8E008C4A06 /* SwiftSoup.framework */,
				5225DB08D677EAC5E356383D /* Pods_Top100s.framework */,
			);
			name = Frameworks;
			sourceTree = "<group>";
		};
		1D9DDCB920A298CB001F23FE = {
			isa = PBXGroup;
			children = (
				1D9DDCC420A298CB001F23FE /* Top100s */,
				1D9DDCC320A298CB001F23FE /* Products */,
				1D66FDAC20A29C82008C4A06 /* Frameworks */,
				973A4BCB73CC33480936E892 /* Pods */,
			);
			sourceTree = "<group>";
		};
		1D9DDCC320A298CB001F23FE /* Products */ = {
			isa = PBXGroup;
			children = (
				1D9DDCC220A298CB001F23FE /* Top100s.app */,
			);
			name = Products;
			sourceTree = "<group>";
		};
		1D9DDCC420A298CB001F23FE /* Top100s */ = {
			isa = PBXGroup;
			children = (
				1D9DDCC520A298CB001F23FE /* AppDelegate.swift */,
				1D66FF1320A2BE49008C4A06 /* TableViewController.swift */,
				1D15345720AF25B200A3EB2D /* TableViewControllerGames.swift */,
				1D15345920AF25CC00A3EB2D /* TableViewControllerMovies.swift */,
				1D15345B20AFAF8500A3EB2D /* TableViewControllerBillionaires.swift */,
				1D9DDCC920A298CB001F23FE /* Main.storyboard */,
				1D56EE7F20AE37FB00DE8125 /* PageViewController.swift */,
				1D9DDCCC20A298CB001F23FE /* Assets.xcassets */,
				1D9DDCCE20A298CB001F23FE /* LaunchScreen.storyboard */,
				1D9DDCD120A298CB001F23FE /* Info.plist */,
			);
			path = Top100s;
			sourceTree = "<group>";
		};
		973A4BCB73CC33480936E892 /* Pods */ = {
			isa = PBXGroup;
			children = (
				56DF145CA91F56930ECAAE40 /* Pods-Top100s.debug.xcconfig */,
				6DC6A0FEC9E7E968B5848591 /* Pods-Top100s.release.xcconfig */,
			);
			name = Pods;
			sourceTree = "<group>";
		};
/* End PBXGroup section */

/* Begin PBXNativeTarget section */
		1D9DDCC120A298CB001F23FE /* Top100s */ = {
			isa = PBXNativeTarget;
			buildConfigurationList = 1D9DDCD420A298CB001F23FE /* Build configuration list for PBXNativeTarget "Top100s" */;
			buildPhases = (
				F31B91361C81902A281C25B0 /* [CP] Check Pods Manifest.lock */,
				1D9DDCBE20A298CB001F23FE /* Sources */,
				1D9DDCBF20A298CB001F23FE /* Frameworks */,
				1D9DDCC020A298CB001F23FE /* Resources */,
				352ADE95A98BBDBBDB650E8F /* [CP] Embed Pods Frameworks */,
				5D7E832639A8062DA36617BD /* [CP] Copy Pods Resources */,
			);
			buildRules = (
			);
			dependencies = (
			);
			name = Top100s;
			productName = Top100s;
			productReference = 1D9DDCC220A298CB001F23FE /* Top100s.app */;
			productType = "com.apple.product-type.application";
		};
/* End PBXNativeTarget section */

/* Begin PBXProject section */
		1D9DDCBA20A298CB001F23FE /* Project object */ = {
			isa = PBXProject;
			attributes = {
				LastSwiftUpdateCheck = 0920;
				LastUpgradeCheck = 0920;
				ORGANIZATIONNAME = RenatoGamboa;
				TargetAttributes = {
					1D9DDCC120A298CB001F23FE = {
						CreatedOnToolsVersion = 9.2;
						ProvisioningStyle = Automatic;
					};
				};
			};
			buildConfigurationList = 1D9DDCBD20A298CB001F23FE /* Build configuration list for PBXProject "Top100s" */;
			compatibilityVersion = "Xcode 8.0";
			developmentRegion = en;
			hasScannedForEncodings = 0;
			knownRegions = (
				en,
				Base,
			);
			mainGroup = 1D9DDCB920A298CB001F23FE;
			productRefGroup = 1D9DDCC320A298CB001F23FE /* Products */;
			projectDirPath = "";
			projectRoot = "";
			targets = (
				1D9DDCC120A298CB001F23FE /* Top100s */,
			);
		};
/* End PBXProject section */

/* Begin PBXResourcesBuildPhase section */
		1D9DDCC020A298CB001F23FE /* Resources */ = {
			isa = PBXResourcesBuildPhase;
			buildActionMask = 2147483647;
			files = (
				1D9DDCD020A298CB001F23FE /* LaunchScreen.storyboard in Resources */,
				1D9DDCCD20A298CB001F23FE /* Assets.xcassets in Resources */,
				1D9DDCCB20A298CB001F23FE /* Main.storyboard in Resources */,
			);
			runOnlyForDeploymentPostprocessing = 0;
		};
/* End PBXResourcesBuildPhase section */

/* Begin PBXShellScriptBuildPhase section */
		352ADE95A98BBDBBDB650E8F /* [CP] Embed Pods Frameworks */ = {
			isa = PBXShellScriptBuildPhase;
			buildActionMask = 2147483647;
			files = (
			);
			inputPaths = (
				"${SRCROOT}/Pods/Target Support Files/Pods-Top100s/Pods-Top100s-frameworks.sh",
				"${BUILT_PRODUCTS_DIR}/NVActivityIndicatorView/NVActivityIndicatorView.framework",
				"${BUILT_PRODUCTS_DIR}/SwiftSoup/SwiftSoup.framework",
				"${BUILT_PRODUCTS_DIR}/TableFlip/TableFlip.framework",
			);
			name = "[CP] Embed Pods Frameworks";
			outputPaths = (
				"${TARGET_BUILD_DIR}/${FRAMEWORKS_FOLDER_PATH}/NVActivityIndicatorView.framework",
				"${TARGET_BUILD_DIR}/${FRAMEWORKS_FOLDER_PATH}/SwiftSoup.framework",
				"${TARGET_BUILD_DIR}/${FRAMEWORKS_FOLDER_PATH}/TableFlip.framework",
			);
			runOnlyForDeploymentPostprocessing = 0;
			shellPath = /bin/sh;
			shellScript = "\"${SRCROOT}/Pods/Target Support Files/Pods-Top100s/Pods-Top100s-frameworks.sh\"\n";
			showEnvVarsInLog = 0;
		};
		5D7E832639A8062DA36617BD /* [CP] Copy Pods Resources */ = {
			isa = PBXShellScriptBuildPhase;
			buildActionMask = 2147483647;
			files = (
			);
			inputPaths = (
			);
			name = "[CP] Copy Pods Resources";
			outputPaths = (
			);
			runOnlyForDeploymentPostprocessing = 0;
			shellPath = /bin/sh;
			shellScript = "\"${SRCROOT}/Pods/Target Support Files/Pods-Top100s/Pods-Top100s-resources.sh\"\n";
			showEnvVarsInLog = 0;
		};
		F31B91361C81902A281C25B0 /* [CP] Check Pods Manifest.lock */ = {
			isa = PBXShellScriptBuildPhase;
			buildActionMask = 2147483647;
			files = (
			);
			inputPaths = (
				"${PODS_PODFILE_DIR_PATH}/Podfile.lock",
				"${PODS_ROOT}/Manifest.lock",
			);
			name = "[CP] Check Pods Manifest.lock";
			outputPaths = (
				"$(DERIVED_FILE_DIR)/Pods-Top100s-checkManifestLockResult.txt",
			);
			runOnlyForDeploymentPostprocessing = 0;
			shellPath = /bin/sh;
			shellScript = "diff \"${PODS_PODFILE_DIR_PATH}/Podfile.lock\" \"${PODS_ROOT}/Manifest.lock\" > /dev/null\nif [ $? != 0 ] ; then\n    # print error to STDERR\n    echo \"error: The sandbox is not in sync with the Podfile.lock. Run 'pod install' or update your CocoaPods installation.\" >&2\n    exit 1\nfi\n# This output is used by Xcode 'outputs' to avoid re-running this script phase.\necho \"SUCCESS\" > \"${SCRIPT_OUTPUT_FILE_0}\"\n";
			showEnvVarsInLog = 0;
		};
/* End PBXShellScriptBuildPhase section */

/* Begin PBXSourcesBuildPhase section */
		1D9DDCBE20A298CB001F23FE /* Sources */ = {
			isa = PBXSourcesBuildPhase;
			buildActionMask = 2147483647;
			files = (
				1D15345C20AFAF8500A3EB2D /* TableViewControllerBillionaires.swift in Sources */,
				1D66FF1420A2BE49008C4A06 /* TableViewController.swift in Sources */,
				1D15345820AF25B200A3EB2D /* TableViewControllerGames.swift in Sources */,
				1D9DDCC620A298CB001F23FE /* AppDelegate.swift in Sources */,
				1D56EE8020AE37FB00DE8125 /* PageViewController.swift in Sources */,
				1D15345A20AF25CC00A3EB2D /* TableViewControllerMovies.swift in Sources */,
			);
			runOnlyForDeploymentPostprocessing = 0;
		};
/* End PBXSourcesBuildPhase section */

/* Begin PBXVariantGroup section */
		1D9DDCC920A298CB001F23FE /* Main.storyboard */ = {
			isa = PBXVariantGroup;
			children = (
				1D9DDCCA20A298CB001F23FE /* Base */,
			);
			name = Main.storyboard;
			sourceTree = "<group>";
		};
		1D9DDCCE20A298CB001F23FE /* LaunchScreen.storyboard */ = {
			isa = PBXVariantGroup;
			children = (
				1D9DDCCF20A298CB001F23FE /* Base */,
			);
			name = LaunchScreen.storyboard;
			sourceTree = "<group>";
		};
/* End PBXVariantGroup section */

/* Begin XCBuildConfiguration section */
		1D9DDCD220A298CB001F23FE /* Debug */ = {
			isa = XCBuildConfiguration;
			buildSettings = {
				ALWAYS_SEARCH_USER_PATHS = NO;
				CLANG_ANALYZER_NONNULL = YES;
				CLANG_ANALYZER_NUMBER_OBJECT_CONVERSION = YES_AGGRESSIVE;
				CLANG_CXX_LANGUAGE_STANDARD = "gnu++14";
				CLANG_CXX_LIBRARY = "libc++";
				CLANG_ENABLE_MODULES = YES;
				CLANG_ENABLE_OBJC_ARC = YES;
				CLANG_WARN_BLOCK_CAPTURE_AUTORELEASING = YES;
				CLANG_WARN_BOOL_CONVERSION = YES;
				CLANG_WARN_COMMA = YES;
				CLANG_WARN_CONSTANT_CONVERSION = YES;
				CLANG_WARN_DIRECT_OBJC_ISA_USAGE = YES_ERROR;
				CLANG_WARN_DOCUMENTATION_COMMENTS = YES;
				CLANG_WARN_EMPTY_BODY = YES;
				CLANG_WARN_ENUM_CONVERSION = YES;
				CLANG_WARN_INFINITE_RECURSION = YES;
				CLANG_WARN_INT_CONVERSION = YES;
				CLANG_WARN_NON_LITERAL_NULL_CONVERSION = YES;
				CLANG_WARN_OBJC_LITERAL_CONVERSION = YES;
				CLANG_WARN_OBJC_ROOT_CLASS = YES_ERROR;
				CLANG_WARN_RANGE_LOOP_ANALYSIS = YES;
				CLANG_WARN_STRICT_PROTOTYPES = YES;
				CLANG_WARN_SUSPICIOUS_MOVE = YES;
				CLANG_WARN_UNGUARDED_AVAILABILITY = YES_AGGRESSIVE;
				CLANG_WARN_UNREACHABLE_CODE = YES;
				CLANG_WARN__DUPLICATE_METHOD_MATCH = YES;
				CODE_SIGN_IDENTITY = "iPhone Developer";
				COPY_PHASE_STRIP = NO;
				DEBUG_INFORMATION_FORMAT = dwarf;
				ENABLE_STRICT_OBJC_MSGSEND = YES;
				ENABLE_TESTABILITY = YES;
				GCC_C_LANGUAGE_STANDARD = gnu11;
				GCC_DYNAMIC_NO_PIC = NO;
				GCC_NO_COMMON_BLOCKS = YES;
				GCC_OPTIMIZATION_LEVEL = 0;
				GCC_PREPROCESSOR_DEFINITIONS = (
					"DEBUG=1",
					"$(inherited)",
				);
				GCC_WARN_64_TO_32_BIT_CONVERSION = YES;
				GCC_WARN_ABOUT_RETURN_TYPE = YES_ERROR;
				GCC_WARN_UNDECLARED_SELECTOR = YES;
				GCC_WARN_UNINITIALIZED_AUTOS = YES_AGGRESSIVE;
				GCC_WARN_UNUSED_FUNCTION = YES;
				GCC_WARN_UNUSED_VARIABLE = YES;
				IPHONEOS_DEPLOYMENT_TARGET = 11.2;
				MTL_ENABLE_DEBUG_INFO = YES;
				ONLY_ACTIVE_ARCH = YES;
				SDKROOT = iphoneos;
				SWIFT_ACTIVE_COMPILATION_CONDITIONS = DEBUG;
				SWIFT_OPTIMIZATION_LEVEL = "-Onone";
			};
			name = Debug;
		};
		1D9DDCD320A298CB001F23FE /* Release */ = {
			isa = XCBuildConfiguration;
			buildSettings = {
				ALWAYS_SEARCH_USER_PATHS = NO;
				CLANG_ANALYZER_NONNULL = YES;
				CLANG_ANALYZER_NUMBER_OBJECT_CONVERSION = YES_AGGRESSIVE;
				CLANG_CXX_LANGUAGE_STANDARD = "gnu++14";
				CLANG_CXX_LIBRARY = "libc++";
				CLANG_ENABLE_MODULES = YES;
				CLANG_ENABLE_OBJC_ARC = YES;
				CLANG_WARN_BLOCK_CAPTURE_AUTORELEASING = YES;
				CLANG_WARN_BOOL_CONVERSION = YES;
				CLANG_WARN_COMMA = YES;
				CLANG_WARN_CONSTANT_CONVERSION = YES;
				CLANG_WARN_DIRECT_OBJC_ISA_USAGE = YES_ERROR;
				CLANG_WARN_DOCUMENTATION_COMMENTS = YES;
				CLANG_WARN_EMPTY_BODY = YES;
				CLANG_WARN_ENUM_CONVERSION = YES;
				CLANG_WARN_INFINITE_RECURSION = YES;
				CLANG_WARN_INT_CONVERSION = YES;
				CLANG_WARN_NON_LITERAL_NULL_CONVERSION = YES;
				CLANG_WARN_OBJC_LITERAL_CONVERSION = YES;
				CLANG_WARN_OBJC_ROOT_CLASS = YES_ERROR;
				CLANG_WARN_RANGE_LOOP_ANALYSIS = YES;
				CLANG_WARN_STRICT_PROTOTYPES = YES;
				CLANG_WARN_SUSPICIOUS_MOVE = YES;
				CLANG_WARN_UNGUARDED_AVAILABILITY = YES_AGGRESSIVE;
				CLANG_WARN_UNREACHABLE_CODE = YES;
				CLANG_WARN__DUPLICATE_METHOD_MATCH = YES;
				CODE_SIGN_IDENTITY = "iPhone Developer";
				COPY_PHASE_STRIP = NO;
				DEBUG_INFORMATION_FORMAT = "dwarf-with-dsym";
				ENABLE_NS_ASSERTIONS = NO;
				ENABLE_STRICT_OBJC_MSGSEND = YES;
				GCC_C_LANGUAGE_STANDARD = gnu11;
				GCC_NO_COMMON_BLOCKS = YES;
				GCC_WARN_64_TO_32_BIT_CONVERSION = YES;
				GCC_WARN_ABOUT_RETURN_TYPE = YES_ERROR;
				GCC_WARN_UNDECLARED_SELECTOR = YES;
				GCC_WARN_UNINITIALIZED_AUTOS = YES_AGGRESSIVE;
				GCC_WARN_UNUSED_FUNCTION = YES;
				GCC_WARN_UNUSED_VARIABLE = YES;
				IPHONEOS_DEPLOYMENT_TARGET = 11.2;
				MTL_ENABLE_DEBUG_INFO = NO;
				SDKROOT = iphoneos;
				SWIFT_OPTIMIZATION_LEVEL = "-Owholemodule";
				VALIDATE_PRODUCT = YES;
			};
			name = Release;
		};
		1D9DDCD520A298CB001F23FE /* Debug */ = {
			isa = XCBuildConfiguration;
			baseConfigurationReference = 56DF145CA91F56930ECAAE40 /* Pods-Top100s.debug.xcconfig */;
			buildSettings = {
				ASSETCATALOG_COMPILER_APPICON_NAME = AppIcon;
				CODE_SIGN_STYLE = Automatic;
				DEVELOPMENT_TEAM = AX7L8N63GQ;
				FRAMEWORK_SEARCH_PATHS = (
					"$(inherited)",
					"\"${PODS_CONFIGURATION_BUILD_DIR}/SwiftSoup\"",
				);
				INFOPLIST_FILE = Top100s/Info.plist;
				LD_RUNPATH_SEARCH_PATHS = "$(inherited) @executable_path/Frameworks";
				PRODUCT_BUNDLE_IDENTIFIER = com.RenatoGamboa.Top100;
				PRODUCT_NAME = "$(TARGET_NAME)";
				SWIFT_VERSION = 4.0;
				TARGETED_DEVICE_FAMILY = "1,2";
			};
			name = Debug;
		};
		1D9DDCD620A298CB001F23FE /* Release */ = {
			isa = XCBuildConfiguration;
			baseConfigurationReference = 6DC6A0FEC9E7E968B5848591 /* Pods-Top100s.release.xcconfig */;
			buildSettings = {
				ASSETCATALOG_COMPILER_APPICON_NAME = AppIcon;
				CODE_SIGN_STYLE = Automatic;
				DEVELOPMENT_TEAM = AX7L8N63GQ;
				FRAMEWORK_SEARCH_PATHS = (
					"$(inherited)",
					"\"${PODS_CONFIGURATION_BUILD_DIR}/SwiftSoup\"",
				);
				INFOPLIST_FILE = Top100s/Info.plist;
				LD_RUNPATH_SEARCH_PATHS = "$(inherited) @executable_path/Frameworks";
				PRODUCT_BUNDLE_IDENTIFIER = com.RenatoGamboa.Top100;
				PRODUCT_NAME = "$(TARGET_NAME)";
				SWIFT_VERSION = 4.0;
				TARGETED_DEVICE_FAMILY = "1,2";
			};
			name = Release;
		};
/* End XCBuildConfiguration section */

/* Begin XCConfigurationList section */
		1D9DDCBD20A298CB001F23FE /* Build configuration list for PBXProject "Top100s" */ = {
			isa = XCConfigurationList;
			buildConfigurations = (
				1D9DDCD220A298CB001F23FE /* Debug */,
				1D9DDCD320A298CB001F23FE /* Release */,
			);
			defaultConfigurationIsVisible = 0;
			defaultConfigurationName = Release;
		};
		1D9DDCD420A298CB001F23FE /* Build configuration list for PBXNativeTarget "Top100s" */ = {
			isa = XCConfigurationList;
			buildConfigurations = (
				1D9DDCD520A298CB001F23FE /* Debug */,
				1D9DDCD620A298CB001F23FE /* Release */,
			);
			defaultConfigurationIsVisible = 0;
			defaultConfigurationName = Release;
		};
/* End XCConfigurationList section */
	};
	rootObject = 1D9DDCBA20A298CB001F23FE /* Project object */;
}
